
Microsoft Visual Studio Solution File, Format Version 12.00
# Visual Studio Version 17
VisualStudioVersion = 17.9.34728.123
MinimumVisualStudioVersion = 10.0.40219.1
Project("{FAE04EC0-301F-11D3-BF4B-00C04F79EFBC}") = "OnlineGroceryStore", "OnlineGroceryStore.csproj", "{0D89C7F8-A84C-4341-9FF6-67B0B482D62E}"
EndProject
Global
	GlobalSection(SolutionConfigurationPlatforms) = preSolution
		Debug|Any CPU = Debug|Any CPU
		Release|Any CPU = Release|Any CPU
	EndGlobalSection
	GlobalSection(ProjectConfigurationPlatforms) = postSolution
		{0D89C7F8-A84C-4341-9FF6-67B0B482D62E}.Debug|Any CPU.ActiveCfg = Debug|Any CPU
		{0D89C7F8-A84C-4341-9FF6-67B0B482D62E}.Debug|Any CPU.Build.0 = Debug|Any CPU
		{0D89C7F8-A84C-4341-9FF6-67B0B482D62E}.Release|Any CPU.ActiveCfg = Release|Any CPU
		{0D89C7F8-A84C-4341-9FF6-67B0B482D62E}.Release|Any CPU.Build.0 = Release|Any CPU
	EndGlobalSection
	GlobalSection(SolutionProperties) = preSolution
		HideSolutionNode = FALSE
	EndGlobalSection
	GlobalSection(ExtensibilityGlobals) = postSolution
		SolutionGuid = {0BEA3D0E-333B-4B7A-AFE4-588514BB8EFB}
	EndGlobalSection
EndGlobal
